
Microsoft Visual Studio Solution File, Format Version 12.00
# Visual Studio Version 16
VisualStudioVersion = 16.0.30114.105
MinimumVisualStudioVersion = 10.0.40219.1
Project("{2150E333-8FDC-42A3-9474-1A3956D46DE8}") = "src", "src", "{C44EC3ED-EF88-4A09-B010-1D16A66EBE42}"
EndProject
Project("{FAE04EC0-301F-11D3-BF4B-00C04F79EFBC}") = "PasswordExpiration.Lib", "src\PasswordExpiration.Lib\PasswordExpiration.Lib.csproj", "{38E02FD6-C3DD-4C1A-884B-C41B08BE43DA}"
EndProject
Project("{FAE04EC0-301F-11D3-BF4B-00C04F79EFBC}") = "PasswordExpiration.AzFunction", "src\PasswordExpiration.AzFunction\PasswordExpiration.AzFunction.csproj", "{6DF671F7-F05A-4BCB-BD61-5A68C1C19398}"
EndProject
Project("{2150E333-8FDC-42A3-9474-1A3956D46DE8}") = "SmallsOnline.MsGraphClient", "SmallsOnline.MsGraphClient", "{315451C1-C7F8-4257-A271-B9129983827C}"
EndProject
Project("{2150E333-8FDC-42A3-9474-1A3956D46DE8}") = "src", "src", "{1A9C7D55-A0E2-44E0-A466-907C43DFB438}"
EndProject
Project("{FAE04EC0-301F-11D3-BF4B-00C04F79EFBC}") = "SmallsOnline.MsGraphClient", "src\SmallsOnline.MsGraphClient\src\SmallsOnline.MsGraphClient\SmallsOnline.MsGraphClient.csproj", "{1CAC234D-91D2-4805-B8C1-1A06CB98E31B}"
EndProject
Global
	GlobalSection(SolutionConfigurationPlatforms) = preSolution
		Debug|Any CPU = Debug|Any CPU
		Debug|x64 = Debug|x64
		Debug|x86 = Debug|x86
		Release|Any CPU = Release|Any CPU
		Release|x64 = Release|x64
		Release|x86 = Release|x86
	EndGlobalSection
	GlobalSection(SolutionProperties) = preSolution
		HideSolutionNode = FALSE
	EndGlobalSection
	GlobalSection(ProjectConfigurationPlatforms) = postSolution
		{38E02FD6-C3DD-4C1A-884B-C41B08BE43DA}.Debug|Any CPU.ActiveCfg = Debug|Any CPU
		{38E02FD6-C3DD-4C1A-884B-C41B08BE43DA}.Debug|Any CPU.Build.0 = Debug|Any CPU
		{38E02FD6-C3DD-4C1A-884B-C41B08BE43DA}.Debug|x64.ActiveCfg = Debug|Any CPU
		{38E02FD6-C3DD-4C1A-884B-C41B08BE43DA}.Debug|x64.Build.0 = Debug|Any CPU
		{38E02FD6-C3DD-4C1A-884B-C41B08BE43DA}.Debug|x86.ActiveCfg = Debug|Any CPU
		{38E02FD6-C3DD-4C1A-884B-C41B08BE43DA}.Debug|x86.Build.0 = Debug|Any CPU
		{38E02FD6-C3DD-4C1A-884B-C41B08BE43DA}.Release|Any CPU.ActiveCfg = Release|Any CPU
		{38E02FD6-C3DD-4C1A-884B-C41B08BE43DA}.Release|Any CPU.Build.0 = Release|Any CPU
		{38E02FD6-C3DD-4C1A-884B-C41B08BE43DA}.Release|x64.ActiveCfg = Release|Any CPU
		{38E02FD6-C3DD-4C1A-884B-C41B08BE43DA}.Release|x64.Build.0 = Release|Any CPU
		{38E02FD6-C3DD-4C1A-884B-C41B08BE43DA}.Release|x86.ActiveCfg = Release|Any CPU
		{38E02FD6-C3DD-4C1A-884B-C41B08BE43DA}.Release|x86.Build.0 = Release|Any CPU
		{6DF671F7-F05A-4BCB-BD61-5A68C1C19398}.Debug|Any CPU.ActiveCfg = Debug|Any CPU
		{6DF671F7-F05A-4BCB-BD61-5A68C1C19398}.Debug|Any CPU.Build.0 = Debug|Any CPU
		{6DF671F7-F05A-4BCB-BD61-5A68C1C19398}.Debug|x64.ActiveCfg = Debug|Any CPU
		{6DF671F7-F05A-4BCB-BD61-5A68C1C19398}.Debug|x64.Build.0 = Debug|Any CPU
		{6DF671F7-F05A-4BCB-BD61-5A68C1C19398}.Debug|x86.ActiveCfg = Debug|Any CPU
		{6DF671F7-F05A-4BCB-BD61-5A68C1C19398}.Debug|x86.Build.0 = Debug|Any CPU
		{6DF671F7-F05A-4BCB-BD61-5A68C1C19398}.Release|Any CPU.ActiveCfg = Release|Any CPU
		{6DF671F7-F05A-4BCB-BD61-5A68C1C19398}.Release|Any CPU.Build.0 = Release|Any CPU
		{6DF671F7-F05A-4BCB-BD61-5A68C1C19398}.Release|x64.ActiveCfg = Release|Any CPU
		{6DF671F7-F05A-4BCB-BD61-5A68C1C19398}.Release|x64.Build.0 = Release|Any CPU
		{6DF671F7-F05A-4BCB-BD61-5A68C1C19398}.Release|x86.ActiveCfg = Release|Any CPU
		{6DF671F7-F05A-4BCB-BD61-5A68C1C19398}.Release|x86.Build.0 = Release|Any CPU
		{1CAC234D-91D2-4805-B8C1-1A06CB98E31B}.Debug|Any CPU.ActiveCfg = Debug|Any CPU
		{1CAC234D-91D2-4805-B8C1-1A06CB98E31B}.Debug|Any CPU.Build.0 = Debug|Any CPU
		{1CAC234D-91D2-4805-B8C1-1A06CB98E31B}.Debug|x64.ActiveCfg = Debug|Any CPU
		{1CAC234D-91D2-4805-B8C1-1A06CB98E31B}.Debug|x64.Build.0 = Debug|Any CPU
		{1CAC234D-91D2-4805-B8C1-1A06CB98E31B}.Debug|x86.ActiveCfg = Debug|Any CPU
		{1CAC234D-91D2-4805-B8C1-1A06CB98E31B}.Debug|x86.Build.0 = Debug|Any CPU
		{1CAC234D-91D2-4805-B8C1-1A06CB98E31B}.Release|Any CPU.ActiveCfg = Release|Any CPU
		{1CAC234D-91D2-4805-B8C1-1A06CB98E31B}.Release|Any CPU.Build.0 = Release|Any CPU
		{1CAC234D-91D2-4805-B8C1-1A06CB98E31B}.Release|x64.ActiveCfg = Release|Any CPU
		{1CAC234D-91D2-4805-B8C1-1A06CB98E31B}.Release|x64.Build.0 = Release|Any CPU
		{1CAC234D-91D2-4805-B8C1-1A06CB98E31B}.Release|x86.ActiveCfg = Release|Any CPU
		{1CAC234D-91D2-4805-B8C1-1A06CB98E31B}.Release|x86.Build.0 = Release|Any CPU
	EndGlobalSection
	GlobalSection(NestedProjects) = preSolution
		{38E02FD6-C3DD-4C1A-884B-C41B08BE43DA} = {C44EC3ED-EF88-4A09-B010-1D16A66EBE42}
		{6DF671F7-F05A-4BCB-BD61-5A68C1C19398} = {C44EC3ED-EF88-4A09-B010-1D16A66EBE42}
		{315451C1-C7F8-4257-A271-B9129983827C} = {C44EC3ED-EF88-4A09-B010-1D16A66EBE42}
		{1A9C7D55-A0E2-44E0-A466-907C43DFB438} = {315451C1-C7F8-4257-A271-B9129983827C}
		{1CAC234D-91D2-4805-B8C1-1A06CB98E31B} = {1A9C7D55-A0E2-44E0-A466-907C43DFB438}
	EndGlobalSection
EndGlobal
